
Microsoft Visual Studio Solution File, Format Version 12.00
# Visual Studio Version 17
VisualStudioVersion = 17.3.32825.248
MinimumVisualStudioVersion = 10.0.40219.1
Project("{9A19103F-16F7-4668-BE54-9A1E7A4F7556}") = "ConsoleApp1", "ConsoleApp1\ConsoleApp1.csproj", "{3156831F-F467-4DF3-B2D7-C328E8AFFD3C}"
EndProject
Project("{FAE04EC0-301F-11D3-BF4B-00C04F79EFBC}") = "ClassLibrary1", "ClassLibrary1\ClassLibrary1.csproj", "{7C72B4BC-A4F0-46AA-B7CF-C80BBA2322CF}"
EndProject
Global
	GlobalSection(SolutionConfigurationPlatforms) = preSolution
		Debug|Any CPU = Debug|Any CPU
		Release|Any CPU = Release|Any CPU
	EndGlobalSection
	GlobalSection(ProjectConfigurationPlatforms) = postSolution
		{3156831F-F467-4DF3-B2D7-C328E8AFFD3C}.Debug|Any CPU.ActiveCfg = Debug|Any CPU
		{3156831F-F467-4DF3-B2D7-C328E8AFFD3C}.Debug|Any CPU.Build.0 = Debug|Any CPU
		{3156831F-F467-4DF3-B2D7-C328E8AFFD3C}.Release|Any CPU.ActiveCfg = Release|Any CPU
		{3156831F-F467-4DF3-B2D7-C328E8AFFD3C}.Release|Any CPU.Build.0 = Release|Any CPU
		{7C72B4BC-A4F0-46AA-B7CF-C80BBA2322CF}.Debug|Any CPU.ActiveCfg = Debug|Any CPU
		{7C72B4BC-A4F0-46AA-B7CF-C80BBA2322CF}.Debug|Any CPU.Build.0 = Debug|Any CPU
		{7C72B4BC-A4F0-46AA-B7CF-C80BBA2322CF}.Release|Any CPU.ActiveCfg = Release|Any CPU
		{7C72B4BC-A4F0-46AA-B7CF-C80BBA2322CF}.Release|Any CPU.Build.0 = Release|Any CPU
	EndGlobalSection
	GlobalSection(SolutionProperties) = preSolution
		HideSolutionNode = FALSE
	EndGlobalSection
	GlobalSection(ExtensibilityGlobals) = postSolution
		SolutionGuid = {5AAC2054-EC62-434A-A94C-2F227EECEBBA}
	EndGlobalSection
EndGlobal
